# @generated by Move, please check-in and do not edit manually.

[move]
version = 3
manifest_digest = "71FD25D585D93AA94F68917A2EDB6A6C899674CEDBFF73B8C11F6EE46832762E"
deps_digest = "F8BBB0CCB2491CA29A3DF03D6F92277A4F3574266507ACD77214D37ECA3F3082"
dependencies = [
  { id = "Iota", name = "Iota" },
]

[[move.package]]
id = "Iota"
source = { git = "https://github.com/iotaledger/iota.git", rev = "framework/testnet", subdir = "crates/iota-framework/packages/iota-framework" }

dependencies = [
  { id = "MoveStdlib", name = "MoveStdlib" },
]

[[move.package]]
id = "MoveStdlib"
source = { git = "https://github.com/iotaledger/iota.git", rev = "framework/testnet", subdir = "crates/iota-framework/packages/move-stdlib" }

[move.toolchain-version]
compiler-version = "1.12.0-rc"
edition = "2024"
flavor = "iota"

[env]

[env.devnet]
chain-id = "e678123a"
original-published-id = "0x801a35bff920b87b91c9f83ed0f538af67dbcf5a81cb7978162a89e92789e23d"
latest-published-id = "0x801a35bff920b87b91c9f83ed0f538af67dbcf5a81cb7978162a89e92789e23d"
published-version = "1"
